
Microsoft Visual Studio Solution File, Format Version 12.00
# Visual Studio Version 17
VisualStudioVersion = 17.3.32901.215
MinimumVisualStudioVersion = 10.0.40219.1
Project("{FAE04EC0-301F-11D3-BF4B-00C04F79EFBC}") = "AP_Lab_03_1", "AP_Lab_03_1\AP_Lab_03_1.csproj", "{5FF5E448-544C-42DA-8CDC-52C01A74918C}"
EndProject
Global
	GlobalSection(SolutionConfigurationPlatforms) = preSolution
		Debug|Any CPU = Debug|Any CPU
		Release|Any CPU = Release|Any CPU
	EndGlobalSection
	GlobalSection(ProjectConfigurationPlatforms) = postSolution
		{5FF5E448-544C-42DA-8CDC-52C01A74918C}.Debug|Any CPU.ActiveCfg = Debug|Any CPU
		{5FF5E448-544C-42DA-8CDC-52C01A74918C}.Debug|Any CPU.Build.0 = Debug|Any CPU
		{5FF5E448-544C-42DA-8CDC-52C01A74918C}.Release|Any CPU.ActiveCfg = Release|Any CPU
		{5FF5E448-544C-42DA-8CDC-52C01A74918C}.Release|Any CPU.Build.0 = Release|Any CPU
	EndGlobalSection
	GlobalSection(SolutionProperties) = preSolution
		HideSolutionNode = FALSE
	EndGlobalSection
	GlobalSection(ExtensibilityGlobals) = postSolution
		SolutionGuid = {077BA527-C3FB-4787-ADEB-D86A8188BC0D}
	EndGlobalSection
EndGlobal
